
Microsoft Visual Studio Solution File, Format Version 12.00
# Visual Studio Version 16
VisualStudioVersion = 16.0.30621.155
MinimumVisualStudioVersion = 10.0.40219.1
Project("{FAE04EC0-301F-11D3-BF4B-00C04F79EFBC}") = "Fusion Bartender 1.0.0", "Fusion Bartender 1.0.0\Fusion Bartender 1.0.0.csproj", "{30CB70FE-B62D-4691-951C-E463CCB3AAA6}"
EndProject
Project("{FAE04EC0-301F-11D3-BF4B-00C04F79EFBC}") = "Fusion Auto Updater", "Fusion Auto Updater\Fusion Auto Updater.csproj", "{976DCC8C-1FFE-4AD4-A431-B1542BB50DDB}"
EndProject
Global
	GlobalSection(SolutionConfigurationPlatforms) = preSolution
		Debug|Any CPU = Debug|Any CPU
		Release|Any CPU = Release|Any CPU
	EndGlobalSection
	GlobalSection(ProjectConfigurationPlatforms) = postSolution
		{30CB70FE-B62D-4691-951C-E463CCB3AAA6}.Debug|Any CPU.ActiveCfg = Debug|Any CPU
		{30CB70FE-B62D-4691-951C-E463CCB3AAA6}.Debug|Any CPU.Build.0 = Debug|Any CPU
		{30CB70FE-B62D-4691-951C-E463CCB3AAA6}.Release|Any CPU.ActiveCfg = Release|Any CPU
		{30CB70FE-B62D-4691-951C-E463CCB3AAA6}.Release|Any CPU.Build.0 = Release|Any CPU
		{976DCC8C-1FFE-4AD4-A431-B1542BB50DDB}.Debug|Any CPU.ActiveCfg = Debug|Any CPU
		{976DCC8C-1FFE-4AD4-A431-B1542BB50DDB}.Debug|Any CPU.Build.0 = Debug|Any CPU
		{976DCC8C-1FFE-4AD4-A431-B1542BB50DDB}.Release|Any CPU.ActiveCfg = Release|Any CPU
		{976DCC8C-1FFE-4AD4-A431-B1542BB50DDB}.Release|Any CPU.Build.0 = Release|Any CPU
	EndGlobalSection
	GlobalSection(SolutionProperties) = preSolution
		HideSolutionNode = FALSE
	EndGlobalSection
	GlobalSection(ExtensibilityGlobals) = postSolution
		SolutionGuid = {F70593FC-C2AC-4CE9-B9B1-85B4C235008D}
	EndGlobalSection
EndGlobal
